
Microsoft Visual Studio Solution File, Format Version 12.00
# Visual Studio Version 17
VisualStudioVersion = 17.13.35806.99 d17.13
MinimumVisualStudioVersion = 10.0.40219.1
Project("{888888A0-9F3D-457C-B088-3A5042F75D52}") = "flaskapp", "flaskapp.pyproj", "{771E37A6-3295-4599-A4AE-634CA0D33DDF}"
EndProject
Global
	GlobalSection(SolutionConfigurationPlatforms) = preSolution
		Debug|Any CPU = Debug|Any CPU
		Release|Any CPU = Release|Any CPU
	EndGlobalSection
	GlobalSection(ProjectConfigurationPlatforms) = postSolution
		{771E37A6-3295-4599-A4AE-634CA0D33DDF}.Debug|Any CPU.ActiveCfg = Debug|Any CPU
		{771E37A6-3295-4599-A4AE-634CA0D33DDF}.Release|Any CPU.ActiveCfg = Release|Any CPU
	EndGlobalSection
	GlobalSection(SolutionProperties) = preSolution
		HideSolutionNode = FALSE
	EndGlobalSection
	GlobalSection(ExtensibilityGlobals) = postSolution
		SolutionGuid = {C03D4D4D-38B8-439D-B627-A8B000ACAF25}
	EndGlobalSection
EndGlobal
